
Microsoft Visual Studio Solution File, Format Version 12.00
# Visual Studio Version 16
VisualStudioVersion = 16.0.29609.76
MinimumVisualStudioVersion = 10.0.40219.1
Project("{FAE04EC0-301F-11D3-BF4B-00C04F79EFBC}") = "EmployeeClient", "EmployeeClient\EmployeeClient.csproj", "{B404A586-6076-4520-95C2-192241BF2B50}"
EndProject
Project("{FAE04EC0-301F-11D3-BF4B-00C04F79EFBC}") = "EmployeeClientTests", "EmployeeClientTests\EmployeeClientTests.csproj", "{6728BDA9-6F6C-42DE-999C-2F5204663F07}"
EndProject
Global
	GlobalSection(SolutionConfigurationPlatforms) = preSolution
		Debug|Any CPU = Debug|Any CPU
		Release|Any CPU = Release|Any CPU
	EndGlobalSection
	GlobalSection(ProjectConfigurationPlatforms) = postSolution
		{B404A586-6076-4520-95C2-192241BF2B50}.Debug|Any CPU.ActiveCfg = Debug|Any CPU
		{B404A586-6076-4520-95C2-192241BF2B50}.Debug|Any CPU.Build.0 = Debug|Any CPU
		{B404A586-6076-4520-95C2-192241BF2B50}.Release|Any CPU.ActiveCfg = Release|Any CPU
		{B404A586-6076-4520-95C2-192241BF2B50}.Release|Any CPU.Build.0 = Release|Any CPU
		{6728BDA9-6F6C-42DE-999C-2F5204663F07}.Debug|Any CPU.ActiveCfg = Debug|Any CPU
		{6728BDA9-6F6C-42DE-999C-2F5204663F07}.Debug|Any CPU.Build.0 = Debug|Any CPU
		{6728BDA9-6F6C-42DE-999C-2F5204663F07}.Release|Any CPU.ActiveCfg = Release|Any CPU
		{6728BDA9-6F6C-42DE-999C-2F5204663F07}.Release|Any CPU.Build.0 = Release|Any CPU
	EndGlobalSection
	GlobalSection(SolutionProperties) = preSolution
		HideSolutionNode = FALSE
	EndGlobalSection
	GlobalSection(ExtensibilityGlobals) = postSolution
		SolutionGuid = {C44B78B6-C423-4ED1-8A9C-DD3B04E93EAD}
	EndGlobalSection
EndGlobal
